
Microsoft Visual Studio Solution File, Format Version 12.00
# Visual Studio Version 16
VisualStudioVersion = 16.0.30611.23
MinimumVisualStudioVersion = 10.0.40219.1
Project("{FAE04EC0-301F-11D3-BF4B-00C04F79EFBC}") = "LoadLibraryInjector", "LoadLibraryInjector\LoadLibraryInjector.csproj", "{AA3A95D3-1AA5-4FC2-934D-2BCC53CF29D4}"
EndProject
Global
	GlobalSection(SolutionConfigurationPlatforms) = preSolution
		Debug|Any CPU = Debug|Any CPU
		Release|Any CPU = Release|Any CPU
	EndGlobalSection
	GlobalSection(ProjectConfigurationPlatforms) = postSolution
		{AA3A95D3-1AA5-4FC2-934D-2BCC53CF29D4}.Debug|Any CPU.ActiveCfg = Debug|x86
		{AA3A95D3-1AA5-4FC2-934D-2BCC53CF29D4}.Debug|Any CPU.Build.0 = Debug|x86
		{AA3A95D3-1AA5-4FC2-934D-2BCC53CF29D4}.Release|Any CPU.ActiveCfg = Release|x86
	EndGlobalSection
	GlobalSection(SolutionProperties) = preSolution
		HideSolutionNode = FALSE
	EndGlobalSection
	GlobalSection(ExtensibilityGlobals) = postSolution
		SolutionGuid = {59A9A732-BDAA-4EDE-A2FD-2F1138E53F31}
	EndGlobalSection
EndGlobal
